
Microsoft Visual Studio Solution File, Format Version 12.00
# Visual Studio Version 17
VisualStudioVersion = 17.13.35913.81
MinimumVisualStudioVersion = 10.0.40219.1
Project("{2150E333-8FDC-42A3-9474-1A3956D46DE8}") = "Services", "Services", "{822919EE-09F2-42AE-9B2B-375422DA5792}"
EndProject
Project("{FAE04EC0-301F-11D3-BF4B-00C04F79EFBC}") = "Your-Finance-Escort.Services.AuthAPI", "Your-Finance-Escort.Services.AuthAPI\Your-Finance-Escort.Services.AuthAPI.csproj", "{A6785749-381D-47ED-8A39-5BCFD9CA8AA4}"
EndProject
Global
	GlobalSection(SolutionConfigurationPlatforms) = preSolution
		Debug|Any CPU = Debug|Any CPU
		Release|Any CPU = Release|Any CPU
	EndGlobalSection
	GlobalSection(ProjectConfigurationPlatforms) = postSolution
		{A6785749-381D-47ED-8A39-5BCFD9CA8AA4}.Debug|Any CPU.ActiveCfg = Debug|Any CPU
		{A6785749-381D-47ED-8A39-5BCFD9CA8AA4}.Debug|Any CPU.Build.0 = Debug|Any CPU
		{A6785749-381D-47ED-8A39-5BCFD9CA8AA4}.Release|Any CPU.ActiveCfg = Release|Any CPU
		{A6785749-381D-47ED-8A39-5BCFD9CA8AA4}.Release|Any CPU.Build.0 = Release|Any CPU
	EndGlobalSection
	GlobalSection(SolutionProperties) = preSolution
		HideSolutionNode = FALSE
	EndGlobalSection
	GlobalSection(NestedProjects) = preSolution
		{A6785749-381D-47ED-8A39-5BCFD9CA8AA4} = {822919EE-09F2-42AE-9B2B-375422DA5792}
	EndGlobalSection
	GlobalSection(ExtensibilityGlobals) = postSolution
		SolutionGuid = {0A4279CF-9D6E-4197-85D0-778F28D8F389}
	EndGlobalSection
EndGlobal
